// !$*UTF8*$!
{
	archiveVersion = 1;
	classes = {
	};
	objectVersion = 46;
	objects = {

/* Begin PBXBuildFile section */
		C118BB201C1606FD00CC7D81 /* AppDelegate.swift in Sources */ = {isa = PBXBuildFile; fileRef = C118BB1F1C1606FD00CC7D81 /* AppDelegate.swift */; };
		C118BB221C1606FD00CC7D81 /* UIViewControllerExtension.swift in Sources */ = {isa = PBXBuildFile; fileRef = C118BB211C1606FD00CC7D81 /* UIViewControllerExtension.swift */; };
		C118BB2A1C1606FE00CC7D81 /* LaunchScreen.storyboard in Resources */ = {isa = PBXBuildFile; fileRef = C118BB281C1606FE00CC7D81 /* LaunchScreen.storyboard */; };
		C118BB351C1606FE00CC7D81 /* HsinchuIOTTests.swift in Sources */ = {isa = PBXBuildFile; fileRef = C118BB341C1606FE00CC7D81 /* HsinchuIOTTests.swift */; };
		C118BB401C1606FE00CC7D81 /* HsinchuIOTUITests.swift in Sources */ = {isa = PBXBuildFile; fileRef = C118BB3F1C1606FE00CC7D81 /* HsinchuIOTUITests.swift */; };
		C118BB4F1C160A4400CC7D81 /* Images.xcassets in Resources */ = {isa = PBXBuildFile; fileRef = C118BB4E1C160A4400CC7D81 /* Images.xcassets */; };
		C118BB511C16153600CC7D81 /* LauchScreenViewController.swift in Sources */ = {isa = PBXBuildFile; fileRef = C118BB501C16153600CC7D81 /* LauchScreenViewController.swift */; };
		C11B67F91C4EC329004730F3 /* DatePickerCell.swift in Sources */ = {isa = PBXBuildFile; fileRef = C11B67F81C4EC329004730F3 /* DatePickerCell.swift */; };
		C11B69861C4F3FD9004730F3 /* CryptoSwift.framework in Frameworks */ = {isa = PBXBuildFile; fileRef = C11B697A1C4F3F47004730F3 /* CryptoSwift.framework */; };
		C11B69871C4F3FD9004730F3 /* CryptoSwift.framework in Embed Frameworks */ = {isa = PBXBuildFile; fileRef = C11B697A1C4F3F47004730F3 /* CryptoSwift.framework */; settings = {ATTRIBUTES = (CodeSignOnCopy, RemoveHeadersOnCopy, ); }; };
		C11B69991C4F4292004730F3 /* SwiftCharts.framework in Frameworks */ = {isa = PBXBuildFile; fileRef = C11B69921C4F425A004730F3 /* SwiftCharts.framework */; };
		C11B699A1C4F4292004730F3 /* SwiftCharts.framework in Embed Frameworks */ = {isa = PBXBuildFile; fileRef = C11B69921C4F425A004730F3 /* SwiftCharts.framework */; settings = {ATTRIBUTES = (CodeSignOnCopy, RemoveHeadersOnCopy, ); }; };
		C11D3B621C1760FB00E8F65D /* Main.storyboard in Resources */ = {isa = PBXBuildFile; fileRef = C11D3B611C1760FB00E8F65D /* Main.storyboard */; };
		C11D3B661C1762F100E8F65D /* Constants.swift in Sources */ = {isa = PBXBuildFile; fileRef = C11D3B651C1762F100E8F65D /* Constants.swift */; };
		C132F9491C32E0E500B9CE51 /* MockServer.swift in Sources */ = {isa = PBXBuildFile; fileRef = C132F9481C32E0E400B9CE51 /* MockServer.swift */; };
		C132F94F1C369E4D00B9CE51 /* SiteDetailViewController.swift in Sources */ = {isa = PBXBuildFile; fileRef = C132F94E1C369E4D00B9CE51 /* SiteDetailViewController.swift */; };
		C132F9511C36FBBB00B9CE51 /* IOTSampleData.swift in Sources */ = {isa = PBXBuildFile; fileRef = C132F9501C36FBBB00B9CE51 /* IOTSampleData.swift */; };
		C132F9571C3C32E900B9CE51 /* ReportUtil.swift in Sources */ = {isa = PBXBuildFile; fileRef = C132F9561C3C32E900B9CE51 /* ReportUtil.swift */; };
		C132F95A1C3EE65100B9CE51 /* LegendView.swift in Sources */ = {isa = PBXBuildFile; fileRef = C132F9591C3EE65100B9CE51 /* LegendView.swift */; };
		C132F95C1C418E0000B9CE51 /* IOTChartPointView.swift in Sources */ = {isa = PBXBuildFile; fileRef = C132F95B1C418E0000B9CE51 /* IOTChartPointView.swift */; };
		C132F95E1C42C02800B9CE51 /* IOTChartAxisValueDate.swift in Sources */ = {isa = PBXBuildFile; fileRef = C132F95D1C42C02800B9CE51 /* IOTChartAxisValueDate.swift */; };
		C132F9601C44A0BD00B9CE51 /* IOTChartAxisValuesGenerator.swift in Sources */ = {isa = PBXBuildFile; fileRef = C132F95F1C44A0BD00B9CE51 /* IOTChartAxisValuesGenerator.swift */; };
		C132F9641C46939D00B9CE51 /* TimeScopeSettingsViewController.swift in Sources */ = {isa = PBXBuildFile; fileRef = C132F9631C46939D00B9CE51 /* TimeScopeSettingsViewController.swift */; };
		C132F9661C47ED4800B9CE51 /* PredefinedTimeScopeSettingsViewController.swift in Sources */ = {isa = PBXBuildFile; fileRef = C132F9651C47ED4800B9CE51 /* PredefinedTimeScopeSettingsViewController.swift */; };
		C132F9691C499CF100B9CE51 /* NormalUserSiteHomeViewController.swift in Sources */ = {isa = PBXBuildFile; fileRef = C132F9681C499CF100B9CE51 /* NormalUserSiteHomeViewController.swift */; };
		C132F96B1C49FCE400B9CE51 /* EclipsePanelView.swift in Sources */ = {isa = PBXBuildFile; fileRef = C132F96A1C49FCE400B9CE51 /* EclipsePanelView.swift */; };
		C132F96D1C4ABA0C00B9CE51 /* StatusIconView.swift in Sources */ = {isa = PBXBuildFile; fileRef = C132F96C1C4ABA0C00B9CE51 /* StatusIconView.swift */; };
		C1343BBC1C2DBF1B000C7889 /* Icons.xcassets in Resources */ = {isa = PBXBuildFile; fileRef = C1343BBB1C2DBF1B000C7889 /* Icons.xcassets */; };
		C13889B01C1A877100543F44 /* Localizable.strings in Resources */ = {isa = PBXBuildFile; fileRef = C13889B21C1A877100543F44 /* Localizable.strings */; };
		C1589A0A1C2F8CD5007F81B9 /* Site.swift in Sources */ = {isa = PBXBuildFile; fileRef = C1589A091C2F8CD5007F81B9 /* Site.swift */; };
		C1589A0C1C2F8D82007F81B9 /* Device.swift in Sources */ = {isa = PBXBuildFile; fileRef = C1589A0B1C2F8D82007F81B9 /* Device.swift */; };
		C1589A0E1C2F94AC007F81B9 /* StringExtension.swift in Sources */ = {isa = PBXBuildFile; fileRef = C1589A0D1C2F94AC007F81B9 /* StringExtension.swift */; };
		C1589A101C2F99A9007F81B9 /* IOTMonitorData.swift in Sources */ = {isa = PBXBuildFile; fileRef = C1589A0F1C2F99A9007F81B9 /* IOTMonitorData.swift */; };
		C16EE3171C19F83100726659 /* LoginViewController.swift in Sources */ = {isa = PBXBuildFile; fileRef = C16EE3161C19F83100726659 /* LoginViewController.swift */; };
		C1CF144E1C27B40C000E70F3 /* User.swift in Sources */ = {isa = PBXBuildFile; fileRef = C1CF144D1C27B40C000E70F3 /* User.swift */; };
		C1CF14501C29DAE7000E70F3 /* PreferenceManager.swift in Sources */ = {isa = PBXBuildFile; fileRef = C1CF144F1C29DAE7000E70F3 /* PreferenceManager.swift */; };
		C1CF148C1C2C2086000E70F3 /* SessionManager.swift in Sources */ = {isa = PBXBuildFile; fileRef = C1CF148B1C2C2086000E70F3 /* SessionManager.swift */; };
		C1CF148E1C2C76EF000E70F3 /* AdminUserTabViewController.swift in Sources */ = {isa = PBXBuildFile; fileRef = C1CF148D1C2C76EF000E70F3 /* AdminUserTabViewController.swift */; };
		C1CF14901C2C7A3F000E70F3 /* NormalUserTabViewController.swift in Sources */ = {isa = PBXBuildFile; fileRef = C1CF148F1C2C7A3F000E70F3 /* NormalUserTabViewController.swift */; };
		C1CF14931C2D0B84000E70F3 /* AdminUserSiteListViewController.swift in Sources */ = {isa = PBXBuildFile; fileRef = C1CF14921C2D0B84000E70F3 /* AdminUserSiteListViewController.swift */; };
		C1D754811C21B6DB0038C085 /* UIColorExtension.swift in Sources */ = {isa = PBXBuildFile; fileRef = C1D754801C21B6DB0038C085 /* UIColorExtension.swift */; };
		C1D754831C230CC80038C085 /* LanguageManager.swift in Sources */ = {isa = PBXBuildFile; fileRef = C1D754821C230CC80038C085 /* LanguageManager.swift */; };
		C1D754881C247B330038C085 /* AppConfig.swift in Sources */ = {isa = PBXBuildFile; fileRef = C1D754871C247B330038C085 /* AppConfig.swift */; };
		C1D7548A1C24F96C0038C085 /* IOTServerProtocol.swift in Sources */ = {isa = PBXBuildFile; fileRef = C1D754891C24F96C0038C085 /* IOTServerProtocol.swift */; };
		C1D7548C1C24FC690038C085 /* AFHTTPIOTServer.swift in Sources */ = {isa = PBXBuildFile; fileRef = C1D7548B1C24FC690038C085 /* AFHTTPIOTServer.swift */; };
		C1D754931C25020C0038C085 /* IOTError.swift in Sources */ = {isa = PBXBuildFile; fileRef = C1D754921C25020C0038C085 /* IOTError.swift */; };
		C1D754951C2503860038C085 /* Session.swift in Sources */ = {isa = PBXBuildFile; fileRef = C1D754941C2503860038C085 /* Session.swift */; };
		CCA9BBC9FD8C560783DBC36F /* libPods-HsinchuIOT.a in Frameworks */ = {isa = PBXBuildFile; fileRef = 434C327394AA37F25D2439AA /* libPods-HsinchuIOT.a */; };
/* End PBXBuildFile section */

/* Begin PBXContainerItemProxy section */
		C118BB311C1606FE00CC7D81 /* PBXContainerItemProxy */ = {
			isa = PBXContainerItemProxy;
			containerPortal = C118BB141C1606FD00CC7D81 /* Project object */;
			proxyType = 1;
			remoteGlobalIDString = C118BB1B1C1606FD00CC7D81;
			remoteInfo = HsinchuIOT;
		};
		C118BB3C1C1606FE00CC7D81 /* PBXContainerItemProxy */ = {
			isa = PBXContainerItemProxy;
			containerPortal = C118BB141C1606FD00CC7D81 /* Project object */;
			proxyType = 1;
			remoteGlobalIDString = C118BB1B1C1606FD00CC7D81;
			remoteInfo = HsinchuIOT;
		};
		C11B69791C4F3F47004730F3 /* PBXContainerItemProxy */ = {
			isa = PBXContainerItemProxy;
			containerPortal = C11B69711C4F3F47004730F3 /* CryptoSwift.xcodeproj */;
			proxyType = 2;
			remoteGlobalIDString = 754BE45519693E190098E6F3;
			remoteInfo = "CryptoSwift iOS";
		};
		C11B697B1C4F3F47004730F3 /* PBXContainerItemProxy */ = {
			isa = PBXContainerItemProxy;
			containerPortal = C11B69711C4F3F47004730F3 /* CryptoSwift.xcodeproj */;
			proxyType = 2;
			remoteGlobalIDString = 5596BDBB1BC8F220007E38D5;
			remoteInfo = "CryptoSwift watchOS";
		};
		C11B697D1C4F3F47004730F3 /* PBXContainerItemProxy */ = {
			isa = PBXContainerItemProxy;
			containerPortal = C11B69711C4F3F47004730F3 /* CryptoSwift.xcodeproj */;
			proxyType = 2;
			remoteGlobalIDString = 75D614BF1BD844F2001358B2;
			remoteInfo = "CryptoSwift tvOS";
		};
		C11B697F1C4F3F47004730F3 /* PBXContainerItemProxy */ = {
			isa = PBXContainerItemProxy;
			containerPortal = C11B69711C4F3F47004730F3 /* CryptoSwift.xcodeproj */;
			proxyType = 2;
			remoteGlobalIDString = 75DF77721BC8EB59006E9520;
			remoteInfo = "CryptoSwift OSX";
		};
		C11B69811C4F3F47004730F3 /* PBXContainerItemProxy */ = {
			isa = PBXContainerItemProxy;
			containerPortal = C11B69711C4F3F47004730F3 /* CryptoSwift.xcodeproj */;
			proxyType = 2;
			remoteGlobalIDString = 754BE46019693E190098E6F3;
			remoteInfo = CryptoSwiftTests;
		};
		C11B69831C4F3F62004730F3 /* PBXContainerItemProxy */ = {
			isa = PBXContainerItemProxy;
			containerPortal = C11B69711C4F3F47004730F3 /* CryptoSwift.xcodeproj */;
			proxyType = 1;
			remoteGlobalIDString = 754BE45419693E190098E6F3;
			remoteInfo = "CryptoSwift iOS";
		};
		C11B69881C4F3FD9004730F3 /* PBXContainerItemProxy */ = {
			isa = PBXContainerItemProxy;
			containerPortal = C11B69711C4F3F47004730F3 /* CryptoSwift.xcodeproj */;
			proxyType = 1;
			remoteGlobalIDString = 754BE45419693E190098E6F3;
			remoteInfo = "CryptoSwift iOS";
		};
		C11B69911C4F425A004730F3 /* PBXContainerItemProxy */ = {
			isa = PBXContainerItemProxy;
			containerPortal = C11B698B1C4F425A004730F3 /* SwiftCharts.xcodeproj */;
			proxyType = 2;
			remoteGlobalIDString = 06405DA61B8AA74700A689FF;
			remoteInfo = SwiftCharts;
		};
		C11B69931C4F425A004730F3 /* PBXContainerItemProxy */ = {
			isa = PBXContainerItemProxy;
			containerPortal = C11B698B1C4F425A004730F3 /* SwiftCharts.xcodeproj */;
			proxyType = 2;
			remoteGlobalIDString = 06342AC11B8AAD7F001C9F5D;
			remoteInfo = Examples;
		};
		C11B69951C4F425A004730F3 /* PBXContainerItemProxy */ = {
			isa = PBXContainerItemProxy;
			containerPortal = C11B698B1C4F425A004730F3 /* SwiftCharts.xcodeproj */;
			proxyType = 2;
			remoteGlobalIDString = 22E7020F1BF5B8EC00C19675;
			remoteInfo = "SwiftCharts tvOS";
		};
		C11B69971C4F4285004730F3 /* PBXContainerItemProxy */ = {
			isa = PBXContainerItemProxy;
			containerPortal = C11B698B1C4F425A004730F3 /* SwiftCharts.xcodeproj */;
			proxyType = 1;
			remoteGlobalIDString = 06405DA51B8AA74700A689FF;
			remoteInfo = SwiftCharts;
		};
		C11B699B1C4F4292004730F3 /* PBXContainerItemProxy */ = {
			isa = PBXContainerItemProxy;
			containerPortal = C11B698B1C4F425A004730F3 /* SwiftCharts.xcodeproj */;
			proxyType = 1;
			remoteGlobalIDString = 06405DA51B8AA74700A689FF;
			remoteInfo = SwiftCharts;
		};
/* End PBXContainerItemProxy section */

/* Begin PBXCopyFilesBuildPhase section */
		C11B698A1C4F3FD9004730F3 /* Embed Frameworks */ = {
			isa = PBXCopyFilesBuildPhase;
			buildActionMask = 2147483647;
			dstPath = "";
			dstSubfolderSpec = 10;
			files = (
				C11B69871C4F3FD9004730F3 /* CryptoSwift.framework in Embed Frameworks */,
				C11B699A1C4F4292004730F3 /* SwiftCharts.framework in Embed Frameworks */,
			);
			name = "Embed Frameworks";
			runOnlyForDeploymentPostprocessing = 0;
		};
/* End PBXCopyFilesBuildPhase section */

/* Begin PBXFileReference section */
		434C327394AA37F25D2439AA /* libPods-HsinchuIOT.a */ = {isa = PBXFileReference; explicitFileType = archive.ar; includeInIndex = 0; path = "libPods-HsinchuIOT.a"; sourceTree = BUILT_PRODUCTS_DIR; };
		C118BB1C1C1606FD00CC7D81 /* HsinchuIOT.app */ = {isa = PBXFileReference; explicitFileType = wrapper.application; includeInIndex = 0; path = HsinchuIOT.app; sourceTree = BUILT_PRODUCTS_DIR; };
		C118BB1F1C1606FD00CC7D81 /* AppDelegate.swift */ = {isa = PBXFileReference; lastKnownFileType = sourcecode.swift; path = AppDelegate.swift; sourceTree = "<group>"; };
		C118BB211C1606FD00CC7D81 /* UIViewControllerExtension.swift */ = {isa = PBXFileReference; lastKnownFileType = sourcecode.swift; path = UIViewControllerExtension.swift; sourceTree = "<group>"; };
		C118BB291C1606FE00CC7D81 /* Base */ = {isa = PBXFileReference; lastKnownFileType = file.storyboard; name = Base; path = Base.lproj/LaunchScreen.storyboard; sourceTree = "<group>"; };
		C118BB2B1C1606FE00CC7D81 /* Info.plist */ = {isa = PBXFileReference; lastKnownFileType = text.plist.xml; path = Info.plist; sourceTree = "<group>"; };
		C118BB301C1606FE00CC7D81 /* HsinchuIOTTests.xctest */ = {isa = PBXFileReference; explicitFileType = wrapper.cfbundle; includeInIndex = 0; path = HsinchuIOTTests.xctest; sourceTree = BUILT_PRODUCTS_DIR; };
		C118BB341C1606FE00CC7D81 /* HsinchuIOTTests.swift */ = {isa = PBXFileReference; lastKnownFileType = sourcecode.swift; path = HsinchuIOTTests.swift; sourceTree = "<group>"; };
		C118BB361C1606FE00CC7D81 /* Info.plist */ = {isa = PBXFileReference; lastKnownFileType = text.plist.xml; path = Info.plist; sourceTree = "<group>"; };
		C118BB3B1C1606FE00CC7D81 /* HsinchuIOTUITests.xctest */ = {isa = PBXFileReference; explicitFileType = wrapper.cfbundle; includeInIndex = 0; path = HsinchuIOTUITests.xctest; sourceTree = BUILT_PRODUCTS_DIR; };
		C118BB3F1C1606FE00CC7D81 /* HsinchuIOTUITests.swift */ = {isa = PBXFileReference; lastKnownFileType = sourcecode.swift; path = HsinchuIOTUITests.swift; sourceTree = "<group>"; };
		C118BB411C1606FE00CC7D81 /* Info.plist */ = {isa = PBXFileReference; lastKnownFileType = text.plist.xml; path = Info.plist; sourceTree = "<group>"; };
		C118BB4E1C160A4400CC7D81 /* Images.xcassets */ = {isa = PBXFileReference; lastKnownFileType = folder.assetcatalog; path = Images.xcassets; sourceTree = "<group>"; };
		C118BB501C16153600CC7D81 /* LauchScreenViewController.swift */ = {isa = PBXFileReference; fileEncoding = 4; lastKnownFileType = sourcecode.swift; path = LauchScreenViewController.swift; sourceTree = "<group>"; };
		C11B67F81C4EC329004730F3 /* DatePickerCell.swift */ = {isa = PBXFileReference; fileEncoding = 4; lastKnownFileType = sourcecode.swift; path = DatePickerCell.swift; sourceTree = "<group>"; };
		C11B69711C4F3F47004730F3 /* CryptoSwift.xcodeproj */ = {isa = PBXFileReference; lastKnownFileType = "wrapper.pb-project"; name = CryptoSwift.xcodeproj; path = ../CryptoSwift/CryptoSwift.xcodeproj; sourceTree = "<group>"; };
		C11B698B1C4F425A004730F3 /* SwiftCharts.xcodeproj */ = {isa = PBXFileReference; lastKnownFileType = "wrapper.pb-project"; name = SwiftCharts.xcodeproj; path = ../SwiftCharts/SwiftCharts.xcodeproj; sourceTree = "<group>"; };
		C11D3B611C1760FB00E8F65D /* Main.storyboard */ = {isa = PBXFileReference; fileEncoding = 4; lastKnownFileType = file.storyboard; path = Main.storyboard; sourceTree = "<group>"; };
		C11D3B651C1762F100E8F65D /* Constants.swift */ = {isa = PBXFileReference; fileEncoding = 4; lastKnownFileType = sourcecode.swift; path = Constants.swift; sourceTree = "<group>"; };
		C11D3B681C17EF3B00E8F65D /* HsinchuIOT-Bridging-Header.h */ = {isa = PBXFileReference; lastKnownFileType = sourcecode.c.h; path = "HsinchuIOT-Bridging-Header.h"; sourceTree = "<group>"; };
		C132F9481C32E0E400B9CE51 /* MockServer.swift */ = {isa = PBXFileReference; fileEncoding = 4; lastKnownFileType = sourcecode.swift; path = MockServer.swift; sourceTree = "<group>"; };
		C132F94E1C369E4D00B9CE51 /* SiteDetailViewController.swift */ = {isa = PBXFileReference; fileEncoding = 4; lastKnownFileType = sourcecode.swift; path = SiteDetailViewController.swift; sourceTree = "<group>"; };
		C132F9501C36FBBB00B9CE51 /* IOTSampleData.swift */ = {isa = PBXFileReference; fileEncoding = 4; lastKnownFileType = sourcecode.swift; path = IOTSampleData.swift; sourceTree = "<group>"; };
		C132F9561C3C32E900B9CE51 /* ReportUtil.swift */ = {isa = PBXFileReference; fileEncoding = 4; lastKnownFileType = sourcecode.swift; path = ReportUtil.swift; sourceTree = "<group>"; };
		C132F9591C3EE65100B9CE51 /* LegendView.swift */ = {isa = PBXFileReference; fileEncoding = 4; lastKnownFileType = sourcecode.swift; path = LegendView.swift; sourceTree = "<group>"; };
		C132F95B1C418E0000B9CE51 /* IOTChartPointView.swift */ = {isa = PBXFileReference; fileEncoding = 4; lastKnownFileType = sourcecode.swift; path = IOTChartPointView.swift; sourceTree = "<group>"; };
		C132F95D1C42C02800B9CE51 /* IOTChartAxisValueDate.swift */ = {isa = PBXFileReference; fileEncoding = 4; lastKnownFileType = sourcecode.swift; path = IOTChartAxisValueDate.swift; sourceTree = "<group>"; };
		C132F95F1C44A0BD00B9CE51 /* IOTChartAxisValuesGenerator.swift */ = {isa = PBXFileReference; fileEncoding = 4; lastKnownFileType = sourcecode.swift; path = IOTChartAxisValuesGenerator.swift; sourceTree = "<group>"; };
		C132F9631C46939D00B9CE51 /* TimeScopeSettingsViewController.swift */ = {isa = PBXFileReference; fileEncoding = 4; lastKnownFileType = sourcecode.swift; path = TimeScopeSettingsViewController.swift; sourceTree = "<group>"; };
		C132F9651C47ED4800B9CE51 /* PredefinedTimeScopeSettingsViewController.swift */ = {isa = PBXFileReference; fileEncoding = 4; lastKnownFileType = sourcecode.swift; path = PredefinedTimeScopeSettingsViewController.swift; sourceTree = "<group>"; };
		C132F9681C499CF100B9CE51 /* NormalUserSiteHomeViewController.swift */ = {isa = PBXFileReference; fileEncoding = 4; lastKnownFileType = sourcecode.swift; path = NormalUserSiteHomeViewController.swift; sourceTree = "<group>"; };
		C132F96A1C49FCE400B9CE51 /* EclipsePanelView.swift */ = {isa = PBXFileReference; fileEncoding = 4; lastKnownFileType = sourcecode.swift; path = EclipsePanelView.swift; sourceTree = "<group>"; };
		C132F96C1C4ABA0C00B9CE51 /* StatusIconView.swift */ = {isa = PBXFileReference; fileEncoding = 4; lastKnownFileType = sourcecode.swift; path = StatusIconView.swift; sourceTree = "<group>"; };
		C1343BBB1C2DBF1B000C7889 /* Icons.xcassets */ = {isa = PBXFileReference; lastKnownFileType = folder.assetcatalog; path = Icons.xcassets; sourceTree = "<group>"; };
		C13889B11C1A877100543F44 /* en */ = {isa = PBXFileReference; lastKnownFileType = text.plist.strings; name = en; path = en.lproj/Localizable.strings; sourceTree = "<group>"; };
		C13889B51C1A87FA00543F44 /* zh-Hans */ = {isa = PBXFileReference; lastKnownFileType = text.plist.strings; name = "zh-Hans"; path = "zh-Hans.lproj/Localizable.strings"; sourceTree = "<group>"; };
		C13889B61C1A88DE00543F44 /* Base */ = {isa = PBXFileReference; lastKnownFileType = text.plist.strings; name = Base; path = Base.lproj/Localizable.strings; sourceTree = "<group>"; };
		C1589A091C2F8CD5007F81B9 /* Site.swift */ = {isa = PBXFileReference; fileEncoding = 4; lastKnownFileType = sourcecode.swift; path = Site.swift; sourceTree = "<group>"; };
		C1589A0B1C2F8D82007F81B9 /* Device.swift */ = {isa = PBXFileReference; fileEncoding = 4; lastKnownFileType = sourcecode.swift; path = Device.swift; sourceTree = "<group>"; };
		C1589A0D1C2F94AC007F81B9 /* StringExtension.swift */ = {isa = PBXFileReference; fileEncoding = 4; lastKnownFileType = sourcecode.swift; path = StringExtension.swift; sourceTree = "<group>"; };
		C1589A0F1C2F99A9007F81B9 /* IOTMonitorData.swift */ = {isa = PBXFileReference; fileEncoding = 4; lastKnownFileType = sourcecode.swift; path = IOTMonitorData.swift; sourceTree = "<group>"; };
		C16EE3161C19F83100726659 /* LoginViewController.swift */ = {isa = PBXFileReference; fileEncoding = 4; lastKnownFileType = sourcecode.swift; path = LoginViewController.swift; sourceTree = "<group>"; };
		C1CF144D1C27B40C000E70F3 /* User.swift */ = {isa = PBXFileReference; fileEncoding = 4; lastKnownFileType = sourcecode.swift; path = User.swift; sourceTree = "<group>"; };
		C1CF144F1C29DAE7000E70F3 /* PreferenceManager.swift */ = {isa = PBXFileReference; fileEncoding = 4; lastKnownFileType = sourcecode.swift; path = PreferenceManager.swift; sourceTree = "<group>"; };
		C1CF148B1C2C2086000E70F3 /* SessionManager.swift */ = {isa = PBXFileReference; fileEncoding = 4; lastKnownFileType = sourcecode.swift; name = SessionManager.swift; path = "../../../HsinchuIOT-IOS-back/HsinchuIOT/HsinchuIOT/SessionManager.swift"; sourceTree = "<group>"; };
		C1CF148D1C2C76EF000E70F3 /* AdminUserTabViewController.swift */ = {isa = PBXFileReference; fileEncoding = 4; lastKnownFileType = sourcecode.swift; name = AdminUserTabViewController.swift; path = "../../../HsinchuIOT-IOS-back/HsinchuIOT/HsinchuIOT/AdminUserTabViewController.swift"; sourceTree = "<group>"; };
		C1CF148F1C2C7A3F000E70F3 /* NormalUserTabViewController.swift */ = {isa = PBXFileReference; fileEncoding = 4; lastKnownFileType = sourcecode.swift; name = NormalUserTabViewController.swift; path = "../../../HsinchuIOT-IOS-back/HsinchuIOT/HsinchuIOT/NormalUserTabViewController.swift"; sourceTree = "<group>"; };
		C1CF14921C2D0B84000E70F3 /* AdminUserSiteListViewController.swift */ = {isa = PBXFileReference; fileEncoding = 4; lastKnownFileType = sourcecode.swift; name = AdminUserSiteListViewController.swift; path = "../../../HsinchuIOT-IOS-back/HsinchuIOT/HsinchuIOT/AdminUserSiteListViewController.swift"; sourceTree = "<group>"; };
		C1D754801C21B6DB0038C085 /* UIColorExtension.swift */ = {isa = PBXFileReference; fileEncoding = 4; lastKnownFileType = sourcecode.swift; path = UIColorExtension.swift; sourceTree = "<group>"; };
		C1D754821C230CC80038C085 /* LanguageManager.swift */ = {isa = PBXFileReference; fileEncoding = 4; lastKnownFileType = sourcecode.swift; path = LanguageManager.swift; sourceTree = "<group>"; };
		C1D754861C2322BA0038C085 /* zh-Hant */ = {isa = PBXFileReference; lastKnownFileType = text.plist.strings; name = "zh-Hant"; path = "zh-Hant.lproj/Localizable.strings"; sourceTree = "<group>"; };
		C1D754871C247B330038C085 /* AppConfig.swift */ = {isa = PBXFileReference; fileEncoding = 4; lastKnownFileType = sourcecode.swift; path = AppConfig.swift; sourceTree = "<group>"; };
		C1D754891C24F96C0038C085 /* IOTServerProtocol.swift */ = {isa = PBXFileReference; fileEncoding = 4; lastKnownFileType = sourcecode.swift; path = IOTServerProtocol.swift; sourceTree = "<group>"; };
		C1D7548B1C24FC690038C085 /* AFHTTPIOTServer.swift */ = {isa = PBXFileReference; fileEncoding = 4; lastKnownFileType = sourcecode.swift; path = AFHTTPIOTServer.swift; sourceTree = "<group>"; };
		C1D754921C25020C0038C085 /* IOTError.swift */ = {isa = PBXFileReference; fileEncoding = 4; lastKnownFileType = sourcecode.swift; path = IOTError.swift; sourceTree = "<group>"; };
		C1D754941C2503860038C085 /* Session.swift */ = {isa = PBXFileReference; fileEncoding = 4; lastKnownFileType = sourcecode.swift; path = Session.swift; sourceTree = "<group>"; };
		D19987150BCBEF7A25DE3AD3 /* Pods.framework */ = {isa = PBXFileReference; explicitFileType = wrapper.framework; includeInIndex = 0; path = Pods.framework; sourceTree = BUILT_PRODUCTS_DIR; };
/* End PBXFileReference section */

/* Begin PBXFrameworksBuildPhase section */
		C118BB191C1606FD00CC7D81 /* Frameworks */ = {
			isa = PBXFrameworksBuildPhase;
			buildActionMask = 2147483647;
			files = (
				C11B69991C4F4292004730F3 /* SwiftCharts.framework in Frameworks */,
				C11B69861C4F3FD9004730F3 /* CryptoSwift.framework in Frameworks */,
				CCA9BBC9FD8C560783DBC36F /* libPods-HsinchuIOT.a in Frameworks */,
			);
			runOnlyForDeploymentPostprocessing = 0;
		};
		C118BB2D1C1606FE00CC7D81 /* Frameworks */ = {
			isa = PBXFrameworksBuildPhase;
			buildActionMask = 2147483647;
			files = (
			);
			runOnlyForDeploymentPostprocessing = 0;
		};
		C118BB381C1606FE00CC7D81 /* Frameworks */ = {
			isa = PBXFrameworksBuildPhase;
			buildActionMask = 2147483647;
			files = (
			);
			runOnlyForDeploymentPostprocessing = 0;
		};
/* End PBXFrameworksBuildPhase section */

/* Begin PBXGroup section */
		90BE82C5E3F7A60BE5EC539C /* Frameworks */ = {
			isa = PBXGroup;
			children = (
				D19987150BCBEF7A25DE3AD3 /* Pods.framework */,
				434C327394AA37F25D2439AA /* libPods-HsinchuIOT.a */,
			);
			name = Frameworks;
			sourceTree = "<group>";
		};
		C118BB131C1606FD00CC7D81 = {
			isa = PBXGroup;
			children = (
				C11B698B1C4F425A004730F3 /* SwiftCharts.xcodeproj */,
				C11B69711C4F3F47004730F3 /* CryptoSwift.xcodeproj */,
				C118BB1E1C1606FD00CC7D81 /* HsinchuIOT */,
				C118BB331C1606FE00CC7D81 /* HsinchuIOTTests */,
				C118BB3E1C1606FE00CC7D81 /* HsinchuIOTUITests */,
				C118BB1D1C1606FD00CC7D81 /* Products */,
				90BE82C5E3F7A60BE5EC539C /* Frameworks */,
			);
			sourceTree = "<group>";
		};
		C118BB1D1C1606FD00CC7D81 /* Products */ = {
			isa = PBXGroup;
			children = (
				C118BB1C1C1606FD00CC7D81 /* HsinchuIOT.app */,
				C118BB301C1606FE00CC7D81 /* HsinchuIOTTests.xctest */,
				C118BB3B1C1606FE00CC7D81 /* HsinchuIOTUITests.xctest */,
			);
			name = Products;
			sourceTree = "<group>";
		};
		C118BB1E1C1606FD00CC7D81 /* HsinchuIOT */ = {
			isa = PBXGroup;
			children = (
				C132F9581C3EE62C00B9CE51 /* ui */,
				C1D754911C24FF910038C085 /* storyboard */,
				C1D754901C24FF770038C085 /* server */,
				C1D7548F1C24FF600038C085 /* util */,
				C1D7548E1C24FF260038C085 /* model */,
				C1D7548D1C24FECF0038C085 /* controller */,
				C13889AA1C1A6A5500543F44 /* Resources */,
				C118BB1F1C1606FD00CC7D81 /* AppDelegate.swift */,
				C118BB2B1C1606FE00CC7D81 /* Info.plist */,
				C11D3B651C1762F100E8F65D /* Constants.swift */,
				C11D3B681C17EF3B00E8F65D /* HsinchuIOT-Bridging-Header.h */,
				C1D754871C247B330038C085 /* AppConfig.swift */,
			);
			path = HsinchuIOT;
			sourceTree = "<group>";
		};
		C118BB331C1606FE00CC7D81 /* HsinchuIOTTests */ = {
			isa = PBXGroup;
			children = (
				C118BB341C1606FE00CC7D81 /* HsinchuIOTTests.swift */,
				C118BB361C1606FE00CC7D81 /* Info.plist */,
			);
			path = HsinchuIOTTests;
			sourceTree = "<group>";
		};
		C118BB3E1C1606FE00CC7D81 /* HsinchuIOTUITests */ = {
			isa = PBXGroup;
			children = (
				C118BB3F1C1606FE00CC7D81 /* HsinchuIOTUITests.swift */,
				C118BB411C1606FE00CC7D81 /* Info.plist */,
			);
			path = HsinchuIOTUITests;
			sourceTree = "<group>";
		};
		C11B69721C4F3F47004730F3 /* Products */ = {
			isa = PBXGroup;
			children = (
				C11B697A1C4F3F47004730F3 /* CryptoSwift.framework */,
				C11B697C1C4F3F47004730F3 /* CryptoSwift.framework */,
				C11B697E1C4F3F47004730F3 /* CryptoSwift.framework */,
				C11B69801C4F3F47004730F3 /* CryptoSwift.framework */,
				C11B69821C4F3F47004730F3 /* CryptoSwiftTests.xctest */,
			);
			name = Products;
			sourceTree = "<group>";
		};
		C11B698C1C4F425A004730F3 /* Products */ = {
			isa = PBXGroup;
			children = (
				C11B69921C4F425A004730F3 /* SwiftCharts.framework */,
				C11B69941C4F425A004730F3 /* Examples.app */,
				C11B69961C4F425A004730F3 /* SwiftCharts.framework */,
			);
			name = Products;
			sourceTree = "<group>";
		};
		C132F9581C3EE62C00B9CE51 /* ui */ = {
			isa = PBXGroup;
			children = (
				C11B67F81C4EC329004730F3 /* DatePickerCell.swift */,
				C132F9591C3EE65100B9CE51 /* LegendView.swift */,
				C132F95B1C418E0000B9CE51 /* IOTChartPointView.swift */,
				C132F95D1C42C02800B9CE51 /* IOTChartAxisValueDate.swift */,
				C132F95F1C44A0BD00B9CE51 /* IOTChartAxisValuesGenerator.swift */,
				C132F96A1C49FCE400B9CE51 /* EclipsePanelView.swift */,
				C132F96C1C4ABA0C00B9CE51 /* StatusIconView.swift */,
			);
			name = ui;
			sourceTree = "<group>";
		};
		C132F9671C49996B00B9CE51 /* normaluser */ = {
			isa = PBXGroup;
			children = (
				C1CF148F1C2C7A3F000E70F3 /* NormalUserTabViewController.swift */,
				C132F9681C499CF100B9CE51 /* NormalUserSiteHomeViewController.swift */,
			);
			name = normaluser;
			sourceTree = "<group>";
		};
		C13889AA1C1A6A5500543F44 /* Resources */ = {
			isa = PBXGroup;
			children = (
				C1343BBB1C2DBF1B000C7889 /* Icons.xcassets */,
				C118BB4E1C160A4400CC7D81 /* Images.xcassets */,
				C13889B21C1A877100543F44 /* Localizable.strings */,
			);
			name = Resources;
			sourceTree = "<group>";
		};
		C1CF14911C2D0AE7000E70F3 /* adminuser */ = {
			isa = PBXGroup;
			children = (
				C1CF148D1C2C76EF000E70F3 /* AdminUserTabViewController.swift */,
				C1CF14921C2D0B84000E70F3 /* AdminUserSiteListViewController.swift */,
			);
			name = adminuser;
			sourceTree = "<group>";
		};
		C1D7548D1C24FECF0038C085 /* controller */ = {
			isa = PBXGroup;
			children = (
				C132F9671C49996B00B9CE51 /* normaluser */,
				C1CF14911C2D0AE7000E70F3 /* adminuser */,
				C118BB501C16153600CC7D81 /* LauchScreenViewController.swift */,
				C16EE3161C19F83100726659 /* LoginViewController.swift */,
				C132F94E1C369E4D00B9CE51 /* SiteDetailViewController.swift */,
				C132F9631C46939D00B9CE51 /* TimeScopeSettingsViewController.swift */,
				C132F9651C47ED4800B9CE51 /* PredefinedTimeScopeSettingsViewController.swift */,
			);
			name = controller;
			sourceTree = "<group>";
		};
		C1D7548E1C24FF260038C085 /* model */ = {
			isa = PBXGroup;
			children = (
				C1D754921C25020C0038C085 /* IOTError.swift */,
				C1D754941C2503860038C085 /* Session.swift */,
				C1CF144D1C27B40C000E70F3 /* User.swift */,
				C1589A091C2F8CD5007F81B9 /* Site.swift */,
				C1589A0B1C2F8D82007F81B9 /* Device.swift */,
				C1589A0F1C2F99A9007F81B9 /* IOTMonitorData.swift */,
				C132F9501C36FBBB00B9CE51 /* IOTSampleData.swift */,
			);
			name = model;
			sourceTree = "<group>";
		};
		C1D7548F1C24FF600038C085 /* util */ = {
			isa = PBXGroup;
			children = (
				C118BB211C1606FD00CC7D81 /* UIViewControllerExtension.swift */,
				C1D754821C230CC80038C085 /* LanguageManager.swift */,
				C1D754801C21B6DB0038C085 /* UIColorExtension.swift */,
				C1CF144F1C29DAE7000E70F3 /* PreferenceManager.swift */,
				C1CF148B1C2C2086000E70F3 /* SessionManager.swift */,
				C1589A0D1C2F94AC007F81B9 /* StringExtension.swift */,
				C132F9561C3C32E900B9CE51 /* ReportUtil.swift */,
			);
			name = util;
			sourceTree = "<group>";
		};
		C1D754901C24FF770038C085 /* server */ = {
			isa = PBXGroup;
			children = (
				C1D7548B1C24FC690038C085 /* AFHTTPIOTServer.swift */,
				C1D754891C24F96C0038C085 /* IOTServerProtocol.swift */,
				C132F9481C32E0E400B9CE51 /* MockServer.swift */,
			);
			name = server;
			sourceTree = "<group>";
		};
		C1D754911C24FF910038C085 /* storyboard */ = {
			isa = PBXGroup;
			children = (
				C11D3B611C1760FB00E8F65D /* Main.storyboard */,
				C118BB281C1606FE00CC7D81 /* LaunchScreen.storyboard */,
			);
			name = storyboard;
			sourceTree = "<group>";
		};
/* End PBXGroup section */

/* Begin PBXNativeTarget section */
		C118BB1B1C1606FD00CC7D81 /* HsinchuIOT */ = {
			isa = PBXNativeTarget;
			buildConfigurationList = C118BB441C1606FE00CC7D81 /* Build configuration list for PBXNativeTarget "HsinchuIOT" */;
			buildPhases = (
				AECCA8F396408152B69C5F71 /* Check Pods Manifest.lock */,
				C118BB181C1606FD00CC7D81 /* Sources */,
				C118BB191C1606FD00CC7D81 /* Frameworks */,
				C118BB1A1C1606FD00CC7D81 /* Resources */,
				EFF082276FE710329F50A8AE /* Embed Pods Frameworks */,
				C3696DA457EA8637DBCE59CB /* Copy Pods Resources */,
				C11B698A1C4F3FD9004730F3 /* Embed Frameworks */,
			);
			buildRules = (
			);
			dependencies = (
				C11B69981C4F4285004730F3 /* PBXTargetDependency */,
				C11B69841C4F3F62004730F3 /* PBXTargetDependency */,
				C11B69891C4F3FD9004730F3 /* PBXTargetDependency */,
				C11B699C1C4F4292004730F3 /* PBXTargetDependency */,
			);
			name = HsinchuIOT;
			productName = HsinchuIOT;
			productReference = C118BB1C1C1606FD00CC7D81 /* HsinchuIOT.app */;
			productType = "com.apple.product-type.application";
		};
		C118BB2F1C1606FE00CC7D81 /* HsinchuIOTTests */ = {
			isa = PBXNativeTarget;
			buildConfigurationList = C118BB471C1606FE00CC7D81 /* Build configuration list for PBXNativeTarget "HsinchuIOTTests" */;
			buildPhases = (
				C118BB2C1C1606FE00CC7D81 /* Sources */,
				C118BB2D1C1606FE00CC7D81 /* Frameworks */,
				C118BB2E1C1606FE00CC7D81 /* Resources */,
			);
			buildRules = (
			);
			dependencies = (
				C118BB321C1606FE00CC7D81 /* PBXTargetDependency */,
			);
			name = HsinchuIOTTests;
			productName = HsinchuIOTTests;
			productReference = C118BB301C1606FE00CC7D81 /* HsinchuIOTTests.xctest */;
			productType = "com.apple.product-type.bundle.unit-test";
		};
		C118BB3A1C1606FE00CC7D81 /* HsinchuIOTUITests */ = {
			isa = PBXNativeTarget;
			buildConfigurationList = C118BB4A1C1606FE00CC7D81 /* Build configuration list for PBXNativeTarget "HsinchuIOTUITests" */;
			buildPhases = (
				C118BB371C1606FE00CC7D81 /* Sources */,
				C118BB381C1606FE00CC7D81 /* Frameworks */,
				C118BB391C1606FE00CC7D81 /* Resources */,
			);
			buildRules = (
			);
			dependencies = (
				C118BB3D1C1606FE00CC7D81 /* PBXTargetDependency */,
			);
			name = HsinchuIOTUITests;
			productName = HsinchuIOTUITests;
			productReference = C118BB3B1C1606FE00CC7D81 /* HsinchuIOTUITests.xctest */;
			productType = "com.apple.product-type.bundle.ui-testing";
		};
/* End PBXNativeTarget section */

/* Begin PBXProject section */
		C118BB141C1606FD00CC7D81 /* Project object */ = {
			isa = PBXProject;
			attributes = {
				LastSwiftMigration = 0720;
				LastUpgradeCheck = 0700;
				ORGANIZATIONNAME = "SL Studio";
				TargetAttributes = {
					C118BB1B1C1606FD00CC7D81 = {
						CreatedOnToolsVersion = 7.0;
						DevelopmentTeam = V5UM5G45QC;
					};
					C118BB2F1C1606FE00CC7D81 = {
						CreatedOnToolsVersion = 7.0;
						TestTargetID = C118BB1B1C1606FD00CC7D81;
					};
					C118BB3A1C1606FE00CC7D81 = {
						CreatedOnToolsVersion = 7.0;
						TestTargetID = C118BB1B1C1606FD00CC7D81;
					};
				};
			};
			buildConfigurationList = C118BB171C1606FD00CC7D81 /* Build configuration list for PBXProject "HsinchuIOT" */;
			compatibilityVersion = "Xcode 3.2";
			developmentRegion = English;
			hasScannedForEncodings = 0;
			knownRegions = (
				en,
				Base,
				"zh-Hans",
				"zh-Hant",
			);
			mainGroup = C118BB131C1606FD00CC7D81;
			productRefGroup = C118BB1D1C1606FD00CC7D81 /* Products */;
			projectDirPath = "";
			projectReferences = (
				{
					ProductGroup = C11B69721C4F3F47004730F3 /* Products */;
					ProjectRef = C11B69711C4F3F47004730F3 /* CryptoSwift.xcodeproj */;
				},
				{
					ProductGroup = C11B698C1C4F425A004730F3 /* Products */;
					ProjectRef = C11B698B1C4F425A004730F3 /* SwiftCharts.xcodeproj */;
				},
			);
			projectRoot = "";
			targets = (
				C118BB1B1C1606FD00CC7D81 /* HsinchuIOT */,
				C118BB2F1C1606FE00CC7D81 /* HsinchuIOTTests */,
				C118BB3A1C1606FE00CC7D81 /* HsinchuIOTUITests */,
			);
		};
/* End PBXProject section */

/* Begin PBXReferenceProxy section */
		C11B697A1C4F3F47004730F3 /* CryptoSwift.framework */ = {
			isa = PBXReferenceProxy;
			fileType = wrapper.framework;
			path = CryptoSwift.framework;
			remoteRef = C11B69791C4F3F47004730F3 /* PBXContainerItemProxy */;
			sourceTree = BUILT_PRODUCTS_DIR;
		};
		C11B697C1C4F3F47004730F3 /* CryptoSwift.framework */ = {
			isa = PBXReferenceProxy;
			fileType = wrapper.framework;
			path = CryptoSwift.framework;
			remoteRef = C11B697B1C4F3F47004730F3 /* PBXContainerItemProxy */;
			sourceTree = BUILT_PRODUCTS_DIR;
		};
		C11B697E1C4F3F47004730F3 /* CryptoSwift.framework */ = {
			isa = PBXReferenceProxy;
			fileType = wrapper.framework;
			path = CryptoSwift.framework;
			remoteRef = C11B697D1C4F3F47004730F3 /* PBXContainerItemProxy */;
			sourceTree = BUILT_PRODUCTS_DIR;
		};
		C11B69801C4F3F47004730F3 /* CryptoSwift.framework */ = {
			isa = PBXReferenceProxy;
			fileType = wrapper.framework;
			path = CryptoSwift.framework;
			remoteRef = C11B697F1C4F3F47004730F3 /* PBXContainerItemProxy */;
			sourceTree = BUILT_PRODUCTS_DIR;
		};
		C11B69821C4F3F47004730F3 /* CryptoSwiftTests.xctest */ = {
			isa = PBXReferenceProxy;
			fileType = wrapper.cfbundle;
			path = CryptoSwiftTests.xctest;
			remoteRef = C11B69811C4F3F47004730F3 /* PBXContainerItemProxy */;
			sourceTree = BUILT_PRODUCTS_DIR;
		};
		C11B69921C4F425A004730F3 /* SwiftCharts.framework */ = {
			isa = PBXReferenceProxy;
			fileType = wrapper.framework;
			path = SwiftCharts.framework;
			remoteRef = C11B69911C4F425A004730F3 /* PBXContainerItemProxy */;
			sourceTree = BUILT_PRODUCTS_DIR;
		};
		C11B69941C4F425A004730F3 /* Examples.app */ = {
			isa = PBXReferenceProxy;
			fileType = wrapper.application;
			path = Examples.app;
			remoteRef = C11B69931C4F425A004730F3 /* PBXContainerItemProxy */;
			sourceTree = BUILT_PRODUCTS_DIR;
		};
		C11B69961C4F425A004730F3 /* SwiftCharts.framework */ = {
			isa = PBXReferenceProxy;
			fileType = wrapper.framework;
			path = SwiftCharts.framework;
			remoteRef = C11B69951C4F425A004730F3 /* PBXContainerItemProxy */;
			sourceTree = BUILT_PRODUCTS_DIR;
		};
/* End PBXReferenceProxy section */

/* Begin PBXResourcesBuildPhase section */
		C118BB1A1C1606FD00CC7D81 /* Resources */ = {
			isa = PBXResourcesBuildPhase;
			buildActionMask = 2147483647;
			files = (
				C118BB2A1C1606FE00CC7D81 /* LaunchScreen.storyboard in Resources */,
				C1343BBC1C2DBF1B000C7889 /* Icons.xcassets in Resources */,
				C13889B01C1A877100543F44 /* Localizable.strings in Resources */,
				C118BB4F1C160A4400CC7D81 /* Images.xcassets in Resources */,
				C11D3B621C1760FB00E8F65D /* Main.storyboard in Resources */,
			);
			runOnlyForDeploymentPostprocessing = 0;
		};
		C118BB2E1C1606FE00CC7D81 /* Resources */ = {
			isa = PBXResourcesBuildPhase;
			buildActionMask = 2147483647;
			files = (
			);
			runOnlyForDeploymentPostprocessing = 0;
		};
		C118BB391C1606FE00CC7D81 /* Resources */ = {
			isa = PBXResourcesBuildPhase;
			buildActionMask = 2147483647;
			files = (
			);
			runOnlyForDeploymentPostprocessing = 0;
		};
/* End PBXResourcesBuildPhase section */

/* Begin PBXShellScriptBuildPhase section */
		AECCA8F396408152B69C5F71 /* Check Pods Manifest.lock */ = {
			isa = PBXShellScriptBuildPhase;
			buildActionMask = 2147483647;
			files = (
			);
			inputPaths = (
			);
			name = "Check Pods Manifest.lock";
			outputPaths = (
			);
			runOnlyForDeploymentPostprocessing = 0;
			shellPath = /bin/sh;
			shellScript = "diff \"${PODS_ROOT}/../Podfile.lock\" \"${PODS_ROOT}/Manifest.lock\" > /dev/null\nif [[ $? != 0 ]] ; then\n    cat << EOM\nerror: The sandbox is not in sync with the Podfile.lock. Run 'pod install' or update your CocoaPods installation.\nEOM\n    exit 1\nfi\n";
			showEnvVarsInLog = 0;
		};
		C3696DA457EA8637DBCE59CB /* Copy Pods Resources */ = {
			isa = PBXShellScriptBuildPhase;
			buildActionMask = 2147483647;
			files = (
			);
			inputPaths = (
			);
			name = "Copy Pods Resources";
			outputPaths = (
			);
			runOnlyForDeploymentPostprocessing = 0;
			shellPath = /bin/sh;
			shellScript = "\"${SRCROOT}/Pods/Target Support Files/Pods-HsinchuIOT/Pods-HsinchuIOT-resources.sh\"\n";
			showEnvVarsInLog = 0;
		};
		EFF082276FE710329F50A8AE /* Embed Pods Frameworks */ = {
			isa = PBXShellScriptBuildPhase;
			buildActionMask = 2147483647;
			files = (
			);
			inputPaths = (
			);
			name = "Embed Pods Frameworks";
			outputPaths = (
			);
			runOnlyForDeploymentPostprocessing = 0;
			shellPath = /bin/sh;
			shellScript = "\"${SRCROOT}/Pods/Target Support Files/Pods-HsinchuIOT/Pods-HsinchuIOT-frameworks.sh\"\n";
			showEnvVarsInLog = 0;
		};
/* End PBXShellScriptBuildPhase section */

/* Begin PBXSourcesBuildPhase section */
		C118BB181C1606FD00CC7D81 /* Sources */ = {
			isa = PBXSourcesBuildPhase;
			buildActionMask = 2147483647;
			files = (
				C118BB221C1606FD00CC7D81 /* UIViewControllerExtension.swift in Sources */,
				C132F95E1C42C02800B9CE51 /* IOTChartAxisValueDate.swift in Sources */,
				C132F95A1C3EE65100B9CE51 /* LegendView.swift in Sources */,
				C1D754881C247B330038C085 /* AppConfig.swift in Sources */,
				C1D754831C230CC80038C085 /* LanguageManager.swift in Sources */,
				C1D754931C25020C0038C085 /* IOTError.swift in Sources */,
				C1CF148E1C2C76EF000E70F3 /* AdminUserTabViewController.swift in Sources */,
				C1D7548A1C24F96C0038C085 /* IOTServerProtocol.swift in Sources */,
				C1589A0A1C2F8CD5007F81B9 /* Site.swift in Sources */,
				C1589A101C2F99A9007F81B9 /* IOTMonitorData.swift in Sources */,
				C1CF144E1C27B40C000E70F3 /* User.swift in Sources */,
				C1CF14931C2D0B84000E70F3 /* AdminUserSiteListViewController.swift in Sources */,
				C118BB201C1606FD00CC7D81 /* AppDelegate.swift in Sources */,
				C132F9491C32E0E500B9CE51 /* MockServer.swift in Sources */,
				C132F9641C46939D00B9CE51 /* TimeScopeSettingsViewController.swift in Sources */,
				C118BB511C16153600CC7D81 /* LauchScreenViewController.swift in Sources */,
				C132F9571C3C32E900B9CE51 /* ReportUtil.swift in Sources */,
				C1589A0C1C2F8D82007F81B9 /* Device.swift in Sources */,
				C1CF148C1C2C2086000E70F3 /* SessionManager.swift in Sources */,
				C1D7548C1C24FC690038C085 /* AFHTTPIOTServer.swift in Sources */,
				C132F94F1C369E4D00B9CE51 /* SiteDetailViewController.swift in Sources */,
				C1CF14501C29DAE7000E70F3 /* PreferenceManager.swift in Sources */,
				C1D754951C2503860038C085 /* Session.swift in Sources */,
				C11B67F91C4EC329004730F3 /* DatePickerCell.swift in Sources */,
				C132F9601C44A0BD00B9CE51 /* IOTChartAxisValuesGenerator.swift in Sources */,
				C16EE3171C19F83100726659 /* LoginViewController.swift in Sources */,
				C132F9691C499CF100B9CE51 /* NormalUserSiteHomeViewController.swift in Sources */,
				C132F9661C47ED4800B9CE51 /* PredefinedTimeScopeSettingsViewController.swift in Sources */,
				C11D3B661C1762F100E8F65D /* Constants.swift in Sources */,
				C132F9511C36FBBB00B9CE51 /* IOTSampleData.swift in Sources */,
				C132F96B1C49FCE400B9CE51 /* EclipsePanelView.swift in Sources */,
				C1CF14901C2C7A3F000E70F3 /* NormalUserTabViewController.swift in Sources */,
				C1589A0E1C2F94AC007F81B9 /* StringExtension.swift in Sources */,
				C132F96D1C4ABA0C00B9CE51 /* StatusIconView.swift in Sources */,
				C1D754811C21B6DB0038C085 /* UIColorExtension.swift in Sources */,
				C132F95C1C418E0000B9CE51 /* IOTChartPointView.swift in Sources */,
			);
			runOnlyForDeploymentPostprocessing = 0;
		};
		C118BB2C1C1606FE00CC7D81 /* Sources */ = {
			isa = PBXSourcesBuildPhase;
			buildActionMask = 2147483647;
			files = (
				C118BB351C1606FE00CC7D81 /* HsinchuIOTTests.swift in Sources */,
			);
			runOnlyForDeploymentPostprocessing = 0;
		};
		C118BB371C1606FE00CC7D81 /* Sources */ = {
			isa = PBXSourcesBuildPhase;
			buildActionMask = 2147483647;
			files = (
				C118BB401C1606FE00CC7D81 /* HsinchuIOTUITests.swift in Sources */,
			);
			runOnlyForDeploymentPostprocessing = 0;
		};
/* End PBXSourcesBuildPhase section */

/* Begin PBXTargetDependency section */
		C118BB321C1606FE00CC7D81 /* PBXTargetDependency */ = {
			isa = PBXTargetDependency;
			target = C118BB1B1C1606FD00CC7D81 /* HsinchuIOT */;
			targetProxy = C118BB311C1606FE00CC7D81 /* PBXContainerItemProxy */;
		};
		C118BB3D1C1606FE00CC7D81 /* PBXTargetDependency */ = {
			isa = PBXTargetDependency;
			target = C118BB1B1C1606FD00CC7D81 /* HsinchuIOT */;
			targetProxy = C118BB3C1C1606FE00CC7D81 /* PBXContainerItemProxy */;
		};
		C11B69841C4F3F62004730F3 /* PBXTargetDependency */ = {
			isa = PBXTargetDependency;
			name = "CryptoSwift iOS";
			targetProxy = C11B69831C4F3F62004730F3 /* PBXContainerItemProxy */;
		};
		C11B69891C4F3FD9004730F3 /* PBXTargetDependency */ = {
			isa = PBXTargetDependency;
			name = "CryptoSwift iOS";
			targetProxy = C11B69881C4F3FD9004730F3 /* PBXContainerItemProxy */;
		};
		C11B69981C4F4285004730F3 /* PBXTargetDependency */ = {
			isa = PBXTargetDependency;
			name = SwiftCharts;
			targetProxy = C11B69971C4F4285004730F3 /* PBXContainerItemProxy */;
		};
		C11B699C1C4F4292004730F3 /* PBXTargetDependency */ = {
			isa = PBXTargetDependency;
			name = SwiftCharts;
			targetProxy = C11B699B1C4F4292004730F3 /* PBXContainerItemProxy */;
		};
/* End PBXTargetDependency section */

/* Begin PBXVariantGroup section */
		C118BB281C1606FE00CC7D81 /* LaunchScreen.storyboard */ = {
			isa = PBXVariantGroup;
			children = (
				C118BB291C1606FE00CC7D81 /* Base */,
			);
			name = LaunchScreen.storyboard;
			sourceTree = "<group>";
		};
		C13889B21C1A877100543F44 /* Localizable.strings */ = {
			isa = PBXVariantGroup;
			children = (
				C13889B11C1A877100543F44 /* en */,
				C13889B51C1A87FA00543F44 /* zh-Hans */,
				C13889B61C1A88DE00543F44 /* Base */,
				C1D754861C2322BA0038C085 /* zh-Hant */,
			);
			name = Localizable.strings;
			sourceTree = "<group>";
		};
/* End PBXVariantGroup section */

/* Begin XCBuildConfiguration section */
		C118BB421C1606FE00CC7D81 /* Debug */ = {
			isa = XCBuildConfiguration;
			buildSettings = {
				ALWAYS_SEARCH_USER_PATHS = NO;
				CLANG_ALLOW_NON_MODULAR_INCLUDES_IN_FRAMEWORK_MODULES = YES;
				CLANG_CXX_LANGUAGE_STANDARD = "gnu++0x";
				CLANG_CXX_LIBRARY = "libc++";
				CLANG_ENABLE_MODULES = YES;
				CLANG_ENABLE_OBJC_ARC = YES;
				CLANG_WARN_BOOL_CONVERSION = YES;
				CLANG_WARN_CONSTANT_CONVERSION = YES;
				CLANG_WARN_DIRECT_OBJC_ISA_USAGE = YES_ERROR;
				CLANG_WARN_EMPTY_BODY = YES;
				CLANG_WARN_ENUM_CONVERSION = YES;
				CLANG_WARN_INT_CONVERSION = YES;
				CLANG_WARN_OBJC_ROOT_CLASS = YES_ERROR;
				CLANG_WARN_UNREACHABLE_CODE = YES;
				CLANG_WARN__DUPLICATE_METHOD_MATCH = YES;
				"CODE_SIGN_IDENTITY[sdk=iphoneos*]" = "iPhone Developer";
				COPY_PHASE_STRIP = NO;
				DEBUG_INFORMATION_FORMAT = dwarf;
				ENABLE_STRICT_OBJC_MSGSEND = YES;
				ENABLE_TESTABILITY = YES;
				GCC_C_LANGUAGE_STANDARD = gnu99;
				GCC_DYNAMIC_NO_PIC = NO;
				GCC_NO_COMMON_BLOCKS = YES;
				GCC_OPTIMIZATION_LEVEL = 0;
				GCC_PREPROCESSOR_DEFINITIONS = (
					"DEBUG=1",
					"$(inherited)",
				);
				GCC_WARN_64_TO_32_BIT_CONVERSION = YES;
				GCC_WARN_ABOUT_RETURN_TYPE = YES_ERROR;
				GCC_WARN_UNDECLARED_SELECTOR = YES;
				GCC_WARN_UNINITIALIZED_AUTOS = YES_AGGRESSIVE;
				GCC_WARN_UNUSED_FUNCTION = YES;
				GCC_WARN_UNUSED_VARIABLE = YES;
				IPHONEOS_DEPLOYMENT_TARGET = 9.0;
				MTL_ENABLE_DEBUG_INFO = YES;
				ONLY_ACTIVE_ARCH = YES;
				SDKROOT = iphoneos;
				SWIFT_OBJC_BRIDGING_HEADER = "HsinchuIOT/HsinchuIOT-Bridging-Header.h";
				SWIFT_OPTIMIZATION_LEVEL = "-Onone";
			};
			name = Debug;
		};
		C118BB431C1606FE00CC7D81 /* Release */ = {
			isa = XCBuildConfiguration;
			buildSettings = {
				ALWAYS_SEARCH_USER_PATHS = NO;
				CLANG_ALLOW_NON_MODULAR_INCLUDES_IN_FRAMEWORK_MODULES = YES;
				CLANG_CXX_LANGUAGE_STANDARD = "gnu++0x";
				CLANG_CXX_LIBRARY = "libc++";
				CLANG_ENABLE_MODULES = YES;
				CLANG_ENABLE_OBJC_ARC = YES;
				CLANG_WARN_BOOL_CONVERSION = YES;
				CLANG_WARN_CONSTANT_CONVERSION = YES;
				CLANG_WARN_DIRECT_OBJC_ISA_USAGE = YES_ERROR;
				CLANG_WARN_EMPTY_BODY = YES;
				CLANG_WARN_ENUM_CONVERSION = YES;
				CLANG_WARN_INT_CONVERSION = YES;
				CLANG_WARN_OBJC_ROOT_CLASS = YES_ERROR;
				CLANG_WARN_UNREACHABLE_CODE = YES;
				CLANG_WARN__DUPLICATE_METHOD_MATCH = YES;
				"CODE_SIGN_IDENTITY[sdk=iphoneos*]" = "iPhone Developer";
				COPY_PHASE_STRIP = NO;
				DEBUG_INFORMATION_FORMAT = "dwarf-with-dsym";
				ENABLE_NS_ASSERTIONS = NO;
				ENABLE_STRICT_OBJC_MSGSEND = YES;
				GCC_C_LANGUAGE_STANDARD = gnu99;
				GCC_NO_COMMON_BLOCKS = YES;
				GCC_WARN_64_TO_32_BIT_CONVERSION = YES;
				GCC_WARN_ABOUT_RETURN_TYPE = YES_ERROR;
				GCC_WARN_UNDECLARED_SELECTOR = YES;
				GCC_WARN_UNINITIALIZED_AUTOS = YES_AGGRESSIVE;
				GCC_WARN_UNUSED_FUNCTION = YES;
				GCC_WARN_UNUSED_VARIABLE = YES;
				IPHONEOS_DEPLOYMENT_TARGET = 9.0;
				MTL_ENABLE_DEBUG_INFO = NO;
				SDKROOT = iphoneos;
				SWIFT_OBJC_BRIDGING_HEADER = "HsinchuIOT/HsinchuIOT-Bridging-Header.h";
				VALIDATE_PRODUCT = YES;
			};
			name = Release;
		};
		C118BB451C1606FE00CC7D81 /* Debug */ = {
			isa = XCBuildConfiguration;
			buildSettings = {
				ASSETCATALOG_COMPILER_APPICON_NAME = AppIcon;
				CLANG_ALLOW_NON_MODULAR_INCLUDES_IN_FRAMEWORK_MODULES = YES;
				CODE_SIGN_IDENTITY = "iPhone Developer";
				"CODE_SIGN_IDENTITY[sdk=iphoneos*]" = "iPhone Developer";
				EMBEDDED_CONTENT_CONTAINS_SWIFT = YES;
				INFOPLIST_FILE = HsinchuIOT/Info.plist;
				IPHONEOS_DEPLOYMENT_TARGET = 9.0;
				LD_RUNPATH_SEARCH_PATHS = "$(inherited) @executable_path/Frameworks";
				PRODUCT_BUNDLE_IDENTIFIER = org.slstudio.iot.HsinchuIAQ;
				PRODUCT_NAME = "$(TARGET_NAME)";
				PROVISIONING_PROFILE = "d74e9b7b-36cd-44b5-9874-96f894acbb39";
				SWIFT_OBJC_BRIDGING_HEADER = "HsinchuIOT/HsinchuIOT-Bridging-Header.h";
			};
			name = Debug;
		};
		C118BB461C1606FE00CC7D81 /* Release */ = {
			isa = XCBuildConfiguration;
			buildSettings = {
				ASSETCATALOG_COMPILER_APPICON_NAME = AppIcon;
				CLANG_ALLOW_NON_MODULAR_INCLUDES_IN_FRAMEWORK_MODULES = YES;
				CODE_SIGN_IDENTITY = "iPhone Developer";
				"CODE_SIGN_IDENTITY[sdk=iphoneos*]" = "iPhone Distribution: Iven Han (V5UM5G45QC)";
				EMBEDDED_CONTENT_CONTAINS_SWIFT = YES;
				INFOPLIST_FILE = HsinchuIOT/Info.plist;
				IPHONEOS_DEPLOYMENT_TARGET = 9.0;
				LD_RUNPATH_SEARCH_PATHS = "$(inherited) @executable_path/Frameworks";
				PRODUCT_BUNDLE_IDENTIFIER = org.slstudio.iot.HsinchuIAQ;
				PRODUCT_NAME = "$(TARGET_NAME)";
				PROVISIONING_PROFILE = "d74e9b7b-36cd-44b5-9874-96f894acbb39";
				SWIFT_OBJC_BRIDGING_HEADER = "HsinchuIOT/HsinchuIOT-Bridging-Header.h";
			};
			name = Release;
		};
		C118BB481C1606FE00CC7D81 /* Debug */ = {
			isa = XCBuildConfiguration;
			buildSettings = {
				BUNDLE_LOADER = "$(TEST_HOST)";
				INFOPLIST_FILE = HsinchuIOTTests/Info.plist;
				LD_RUNPATH_SEARCH_PATHS = "$(inherited) @executable_path/Frameworks @loader_path/Frameworks";
				PRODUCT_BUNDLE_IDENTIFIER = org.slstudio.iot.HsinchuIOTTests;
				PRODUCT_NAME = "$(TARGET_NAME)";
				TEST_HOST = "$(BUILT_PRODUCTS_DIR)/HsinchuIOT.app/HsinchuIOT";
			};
			name = Debug;
		};
		C118BB491C1606FE00CC7D81 /* Release */ = {
			isa = XCBuildConfiguration;
			buildSettings = {
				BUNDLE_LOADER = "$(TEST_HOST)";
				INFOPLIST_FILE = HsinchuIOTTests/Info.plist;
				LD_RUNPATH_SEARCH_PATHS = "$(inherited) @executable_path/Frameworks @loader_path/Frameworks";
				PRODUCT_BUNDLE_IDENTIFIER = org.slstudio.iot.HsinchuIOTTests;
				PRODUCT_NAME = "$(TARGET_NAME)";
				TEST_HOST = "$(BUILT_PRODUCTS_DIR)/HsinchuIOT.app/HsinchuIOT";
			};
			name = Release;
		};
		C118BB4B1C1606FE00CC7D81 /* Debug */ = {
			isa = XCBuildConfiguration;
			buildSettings = {
				INFOPLIST_FILE = HsinchuIOTUITests/Info.plist;
				LD_RUNPATH_SEARCH_PATHS = "$(inherited) @executable_path/Frameworks @loader_path/Frameworks";
				PRODUCT_BUNDLE_IDENTIFIER = org.slstudio.iot.HsinchuIOTUITests;
				PRODUCT_NAME = "$(TARGET_NAME)";
				TEST_TARGET_NAME = HsinchuIOT;
				USES_XCTRUNNER = YES;
			};
			name = Debug;
		};
		C118BB4C1C1606FE00CC7D81 /* Release */ = {
			isa = XCBuildConfiguration;
			buildSettings = {
				INFOPLIST_FILE = HsinchuIOTUITests/Info.plist;
				LD_RUNPATH_SEARCH_PATHS = "$(inherited) @executable_path/Frameworks @loader_path/Frameworks";
				PRODUCT_BUNDLE_IDENTIFIER = org.slstudio.iot.HsinchuIOTUITests;
				PRODUCT_NAME = "$(TARGET_NAME)";
				TEST_TARGET_NAME = HsinchuIOT;
				USES_XCTRUNNER = YES;
			};
			name = Release;
		};
/* End XCBuildConfiguration section */

/* Begin XCConfigurationList section */
		C118BB171C1606FD00CC7D81 /* Build configuration list for PBXProject "HsinchuIOT" */ = {
			isa = XCConfigurationList;
			buildConfigurations = (
				C118BB421C1606FE00CC7D81 /* Debug */,
				C118BB431C1606FE00CC7D81 /* Release */,
			);
			defaultConfigurationIsVisible = 0;
			defaultConfigurationName = Release;
		};
		C118BB441C1606FE00CC7D81 /* Build configuration list for PBXNativeTarget "HsinchuIOT" */ = {
			isa = XCConfigurationList;
			buildConfigurations = (
				C118BB451C1606FE00CC7D81 /* Debug */,
				C118BB461C1606FE00CC7D81 /* Release */,
			);
			defaultConfigurationIsVisible = 0;
			defaultConfigurationName = Release;
		};
		C118BB471C1606FE00CC7D81 /* Build configuration list for PBXNativeTarget "HsinchuIOTTests" */ = {
			isa = XCConfigurationList;
			buildConfigurations = (
				C118BB481C1606FE00CC7D81 /* Debug */,
				C118BB491C1606FE00CC7D81 /* Release */,
			);
			defaultConfigurationIsVisible = 0;
			defaultConfigurationName = Release;
		};
		C118BB4A1C1606FE00CC7D81 /* Build configuration list for PBXNativeTarget "HsinchuIOTUITests" */ = {
			isa = XCConfigurationList;
			buildConfigurations = (
				C118BB4B1C1606FE00CC7D81 /* Debug */,
				C118BB4C1C1606FE00CC7D81 /* Release */,
			);
			defaultConfigurationIsVisible = 0;
			defaultConfigurationName = Release;
		};
/* End XCConfigurationList section */
	};
	rootObject = C118BB141C1606FD00CC7D81 /* Project object */;
}
